
Microsoft Visual Studio Solution File, Format Version 12.00
# Visual Studio Version 17
VisualStudioVersion = 17.5.33627.172
MinimumVisualStudioVersion = 10.0.40219.1
Project("{FAE04EC0-301F-11D3-BF4B-00C04F79EFBC}") = "MegaClean", "MegaClean\MegaClean.csproj", "{1DE34E2A-E9AB-4A2E-86E4-17A76A052ECD}"
EndProject
Global
	GlobalSection(SolutionConfigurationPlatforms) = preSolution
		Debug|Any CPU = Debug|Any CPU
		Release|Any CPU = Release|Any CPU
	EndGlobalSection
	GlobalSection(ProjectConfigurationPlatforms) = postSolution
		{1DE34E2A-E9AB-4A2E-86E4-17A76A052ECD}.Debug|Any CPU.ActiveCfg = Debug|Any CPU
		{1DE34E2A-E9AB-4A2E-86E4-17A76A052ECD}.Debug|Any CPU.Build.0 = Debug|Any CPU
		{1DE34E2A-E9AB-4A2E-86E4-17A76A052ECD}.Release|Any CPU.ActiveCfg = Release|Any CPU
		{1DE34E2A-E9AB-4A2E-86E4-17A76A052ECD}.Release|Any CPU.Build.0 = Release|Any CPU
	EndGlobalSection
	GlobalSection(SolutionProperties) = preSolution
		HideSolutionNode = FALSE
	EndGlobalSection
	GlobalSection(ExtensibilityGlobals) = postSolution
		SolutionGuid = {E3780CEB-E033-47C0-AB83-4BAC87240A0F}
	EndGlobalSection
EndGlobal
